<Solution>
  <Folder Name="/src/">
    <Project Path="src/HelloWorld/HelloWorld.csproj" />
    <Project Path="src/MiniOrderEngine/MiniOrderEngine.csproj" />
    <Project Path="src/MyApp/MyApp.csproj" />
    <Project Path="src/MyDemo.Cli/MyDemo.Cli.csproj" />
    <Project Path="src/MyDemo.Core/MyDemo.Core.csproj" />
    <Project Path="src/NameSpaceDemo/NameSpaceDemo.csproj" />
  </Folder>
  <Folder Name="/tests/">
    <Project Path="tests/MyApp.Tests/MyApp.Tests.csproj" />
    <Project Path="tests/MyDemo.Tests/MyDemo.Tests.csproj" />
  </Folder>
</Solution>
